
Microsoft Visual Studio Solution File, Format Version 12.00
# Visual Studio Version 17
VisualStudioVersion = 17.6.33829.357
MinimumVisualStudioVersion = 10.0.40219.1
Project("{FAE04EC0-301F-11D3-BF4B-00C04F79EFBC}") = "EntradaDeDados-1", "EntradaDeDados-1\EntradaDeDados-1.csproj", "{19AD8B93-0211-4498-A50B-2396F455C0E8}"
EndProject
Global
	GlobalSection(SolutionConfigurationPlatforms) = preSolution
		Debug|Any CPU = Debug|Any CPU
		Release|Any CPU = Release|Any CPU
	EndGlobalSection
	GlobalSection(ProjectConfigurationPlatforms) = postSolution
		{19AD8B93-0211-4498-A50B-2396F455C0E8}.Debug|Any CPU.ActiveCfg = Debug|Any CPU
		{19AD8B93-0211-4498-A50B-2396F455C0E8}.Debug|Any CPU.Build.0 = Debug|Any CPU
		{19AD8B93-0211-4498-A50B-2396F455C0E8}.Release|Any CPU.ActiveCfg = Release|Any CPU
		{19AD8B93-0211-4498-A50B-2396F455C0E8}.Release|Any CPU.Build.0 = Release|Any CPU
	EndGlobalSection
	GlobalSection(SolutionProperties) = preSolution
		HideSolutionNode = FALSE
	EndGlobalSection
	GlobalSection(ExtensibilityGlobals) = postSolution
		SolutionGuid = {628EF641-FB27-4CE1-9369-C937F694C570}
	EndGlobalSection
EndGlobal
