
Microsoft Visual Studio Solution File, Format Version 12.00
# Visual Studio Version 17
VisualStudioVersion = 17.6.33829.357
MinimumVisualStudioVersion = 10.0.40219.1
Project("{FAE04EC0-301F-11D3-BF4B-00C04F79EFBC}") = "ex001", "ex001\ex001.csproj", "{250681EF-568B-4B42-B3C1-8A2B39FD1419}"
EndProject
Global
	GlobalSection(SolutionConfigurationPlatforms) = preSolution
		Debug|Any CPU = Debug|Any CPU
		Release|Any CPU = Release|Any CPU
	EndGlobalSection
	GlobalSection(ProjectConfigurationPlatforms) = postSolution
		{250681EF-568B-4B42-B3C1-8A2B39FD1419}.Debug|Any CPU.ActiveCfg = Debug|Any CPU
		{250681EF-568B-4B42-B3C1-8A2B39FD1419}.Debug|Any CPU.Build.0 = Debug|Any CPU
		{250681EF-568B-4B42-B3C1-8A2B39FD1419}.Release|Any CPU.ActiveCfg = Release|Any CPU
		{250681EF-568B-4B42-B3C1-8A2B39FD1419}.Release|Any CPU.Build.0 = Release|Any CPU
	EndGlobalSection
	GlobalSection(SolutionProperties) = preSolution
		HideSolutionNode = FALSE
	EndGlobalSection
	GlobalSection(ExtensibilityGlobals) = postSolution
		SolutionGuid = {DF40BD47-227D-4585-8FC6-E72B097FE26C}
	EndGlobalSection
EndGlobal
